// !$*UTF8*$!
{
	archiveVersion = 1;
	classes = {
	};
	objectVersion = 50;
	objects = {

/* Begin PBXBuildFile section */
		15175E0F249203BB005D2424 /* AppDelegate.swift in Sources */ = {isa = PBXBuildFile; fileRef = 15175E0E249203BB005D2424 /* AppDelegate.swift */; };
		15175E11249203BB005D2424 /* SceneDelegate.swift in Sources */ = {isa = PBXBuildFile; fileRef = 15175E10249203BB005D2424 /* SceneDelegate.swift */; };
		15175E13249203BB005D2424 /* ContentView.swift in Sources */ = {isa = PBXBuildFile; fileRef = 15175E12249203BB005D2424 /* ContentView.swift */; };
		15175E15249203BE005D2424 /* Assets.xcassets in Resources */ = {isa = PBXBuildFile; fileRef = 15175E14249203BE005D2424 /* Assets.xcassets */; };
		15175E18249203BE005D2424 /* Preview Assets.xcassets in Resources */ = {isa = PBXBuildFile; fileRef = 15175E17249203BE005D2424 /* Preview Assets.xcassets */; };
		15175E1B249203BE005D2424 /* LaunchScreen.storyboard in Resources */ = {isa = PBXBuildFile; fileRef = 15175E19249203BE005D2424 /* LaunchScreen.storyboard */; };
		15380AAE2494014B007870FD /* Settings.swift in Sources */ = {isa = PBXBuildFile; fileRef = 15380AAD2494014B007870FD /* Settings.swift */; };
		15380AB0249401CE007870FD /* AddHab.swift in Sources */ = {isa = PBXBuildFile; fileRef = 15380AAF249401CE007870FD /* AddHab.swift */; };
		15380AB22494260E007870FD /* HabRow.swift in Sources */ = {isa = PBXBuildFile; fileRef = 15380AB12494260E007870FD /* HabRow.swift */; };
		15E595F42494B9850004C9EF /* HabDetail.swift in Sources */ = {isa = PBXBuildFile; fileRef = 15E595F32494B9850004C9EF /* HabDetail.swift */; };
/* End PBXBuildFile section */

/* Begin PBXFileReference section */
		15175E0B249203BB005D2424 /* HabTrack.app */ = {isa = PBXFileReference; explicitFileType = wrapper.application; includeInIndex = 0; path = HabTrack.app; sourceTree = BUILT_PRODUCTS_DIR; };
		15175E0E249203BB005D2424 /* AppDelegate.swift */ = {isa = PBXFileReference; lastKnownFileType = sourcecode.swift; path = AppDelegate.swift; sourceTree = "<group>"; };
		15175E10249203BB005D2424 /* SceneDelegate.swift */ = {isa = PBXFileReference; lastKnownFileType = sourcecode.swift; path = SceneDelegate.swift; sourceTree = "<group>"; };
		15175E12249203BB005D2424 /* ContentView.swift */ = {isa = PBXFileReference; lastKnownFileType = sourcecode.swift; path = ContentView.swift; sourceTree = "<group>"; };
		15175E14249203BE005D2424 /* Assets.xcassets */ = {isa = PBXFileReference; lastKnownFileType = folder.assetcatalog; path = Assets.xcassets; sourceTree = "<group>"; };
		15175E17249203BE005D2424 /* Preview Assets.xcassets */ = {isa = PBXFileReference; lastKnownFileType = folder.assetcatalog; path = "Preview Assets.xcassets"; sourceTree = "<group>"; };
		15175E1A249203BE005D2424 /* Base */ = {isa = PBXFileReference; lastKnownFileType = file.storyboard; name = Base; path = Base.lproj/LaunchScreen.storyboard; sourceTree = "<group>"; };
		15175E1C249203BE005D2424 /* Info.plist */ = {isa = PBXFileReference; lastKnownFileType = text.plist.xml; path = Info.plist; sourceTree = "<group>"; };
		15380AAD2494014B007870FD /* Settings.swift */ = {isa = PBXFileReference; lastKnownFileType = sourcecode.swift; path = Settings.swift; sourceTree = "<group>"; };
		15380AAF249401CE007870FD /* AddHab.swift */ = {isa = PBXFileReference; lastKnownFileType = sourcecode.swift; path = AddHab.swift; sourceTree = "<group>"; };
		15380AB12494260E007870FD /* HabRow.swift */ = {isa = PBXFileReference; lastKnownFileType = sourcecode.swift; path = HabRow.swift; sourceTree = "<group>"; };
		15E595F32494B9850004C9EF /* HabDetail.swift */ = {isa = PBXFileReference; lastKnownFileType = sourcecode.swift; path = HabDetail.swift; sourceTree = "<group>"; };
/* End PBXFileReference section */

/* Begin PBXFrameworksBuildPhase section */
		15175E08249203BB005D2424 /* Frameworks */ = {
			isa = PBXFrameworksBuildPhase;
			buildActionMask = 2147483647;
			files = (
			);
			runOnlyForDeploymentPostprocessing = 0;
		};
/* End PBXFrameworksBuildPhase section */

/* Begin PBXGroup section */
		15175E02249203BB005D2424 = {
			isa = PBXGroup;
			children = (
				15175E0D249203BB005D2424 /* HabTrack */,
				15175E0C249203BB005D2424 /* Products */,
			);
			sourceTree = "<group>";
		};
		15175E0C249203BB005D2424 /* Products */ = {
			isa = PBXGroup;
			children = (
				15175E0B249203BB005D2424 /* HabTrack.app */,
			);
			name = Products;
			sourceTree = "<group>";
		};
		15175E0D249203BB005D2424 /* HabTrack */ = {
			isa = PBXGroup;
			children = (
				15175E0E249203BB005D2424 /* AppDelegate.swift */,
				15175E10249203BB005D2424 /* SceneDelegate.swift */,
				15175E12249203BB005D2424 /* ContentView.swift */,
				15E595F32494B9850004C9EF /* HabDetail.swift */,
				15380AB12494260E007870FD /* HabRow.swift */,
				15380AAF249401CE007870FD /* AddHab.swift */,
				15380AAD2494014B007870FD /* Settings.swift */,
				15175E14249203BE005D2424 /* Assets.xcassets */,
				15175E19249203BE005D2424 /* LaunchScreen.storyboard */,
				15175E1C249203BE005D2424 /* Info.plist */,
				15175E16249203BE005D2424 /* Preview Content */,
			);
			path = HabTrack;
			sourceTree = "<group>";
		};
		15175E16249203BE005D2424 /* Preview Content */ = {
			isa = PBXGroup;
			children = (
				15175E17249203BE005D2424 /* Preview Assets.xcassets */,
			);
			path = "Preview Content";
			sourceTree = "<group>";
		};
/* End PBXGroup section */

/* Begin PBXNativeTarget section */
		15175E0A249203BB005D2424 /* HabTrack */ = {
			isa = PBXNativeTarget;
			buildConfigurationList = 15175E1F249203BE005D2424 /* Build configuration list for PBXNativeTarget "HabTrack" */;
			buildPhases = (
				15175E07249203BB005D2424 /* Sources */,
				15175E08249203BB005D2424 /* Frameworks */,
				15175E09249203BB005D2424 /* Resources */,
			);
			buildRules = (
			);
			dependencies = (
			);
			name = HabTrack;
			productName = HabTrack;
			productReference = 15175E0B249203BB005D2424 /* HabTrack.app */;
			productType = "com.apple.product-type.application";
		};
/* End PBXNativeTarget section */

/* Begin PBXProject section */
		15175E03249203BB005D2424 /* Project object */ = {
			isa = PBXProject;
			attributes = {
				LastSwiftUpdateCheck = 1150;
				LastUpgradeCheck = 1150;
				ORGANIZATIONNAME = AF3;
				TargetAttributes = {
					15175E0A249203BB005D2424 = {
						CreatedOnToolsVersion = 11.5;
					};
				};
			};
			buildConfigurationList = 15175E06249203BB005D2424 /* Build configuration list for PBXProject "HabTrack" */;
			compatibilityVersion = "Xcode 9.3";
			developmentRegion = en;
			hasScannedForEncodings = 0;
			knownRegions = (
				en,
				Base,
			);
			mainGroup = 15175E02249203BB005D2424;
			productRefGroup = 15175E0C249203BB005D2424 /* Products */;
			projectDirPath = "";
			projectRoot = "";
			targets = (
				15175E0A249203BB005D2424 /* HabTrack */,
			);
		};
/* End PBXProject section */

/* Begin PBXResourcesBuildPhase section */
		15175E09249203BB005D2424 /* Resources */ = {
			isa = PBXResourcesBuildPhase;
			buildActionMask = 2147483647;
			files = (
				15175E1B249203BE005D2424 /* LaunchScreen.storyboard in Resources */,
				15175E18249203BE005D2424 /* Preview Assets.xcassets in Resources */,
				15175E15249203BE005D2424 /* Assets.xcassets in Resources */,
			);
			runOnlyForDeploymentPostprocessing = 0;
		};
/* End PBXResourcesBuildPhase section */

/* Begin PBXSourcesBuildPhase section */
		15175E07249203BB005D2424 /* Sources */ = {
			isa = PBXSourcesBuildPhase;
			buildActionMask = 2147483647;
			files = (
				15E595F42494B9850004C9EF /* HabDetail.swift in Sources */,
				15175E0F249203BB005D2424 /* AppDelegate.swift in Sources */,
				15175E11249203BB005D2424 /* SceneDelegate.swift in Sources */,
				15380AB22494260E007870FD /* HabRow.swift in Sources */,
				15380AAE2494014B007870FD /* Settings.swift in Sources */,
				15380AB0249401CE007870FD /* AddHab.swift in Sources */,
				15175E13249203BB005D2424 /* ContentView.swift in Sources */,
			);
			runOnlyForDeploymentPostprocessing = 0;
		};
/* End PBXSourcesBuildPhase section */

/* Begin PBXVariantGroup section */
		15175E19249203BE005D2424 /* LaunchScreen.storyboard */ = {
			isa = PBXVariantGroup;
			children = (
				15175E1A249203BE005D2424 /* Base */,
			);
			name = LaunchScreen.storyboard;
			sourceTree = "<group>";
		};
/* End PBXVariantGroup section */

/* Begin XCBuildConfiguration section */
		15175E1D249203BE005D2424 /* Debug */ = {
			isa = XCBuildConfiguration;
			buildSettings = {
				ALWAYS_SEARCH_USER_PATHS = NO;
				CLANG_ANALYZER_NONNULL = YES;
				CLANG_ANALYZER_NUMBER_OBJECT_CONVERSION = YES_AGGRESSIVE;
				CLANG_CXX_LANGUAGE_STANDARD = "gnu++14";
				CLANG_CXX_LIBRARY = "libc++";
				CLANG_ENABLE_MODULES = YES;
				CLANG_ENABLE_OBJC_ARC = YES;
				CLANG_ENABLE_OBJC_WEAK = YES;
				CLANG_WARN_BLOCK_CAPTURE_AUTORELEASING = YES;
				CLANG_WARN_BOOL_CONVERSION = YES;
				CLANG_WARN_COMMA = YES;
				CLANG_WARN_CONSTANT_CONVERSION = YES;
				CLANG_WARN_DEPRECATED_OBJC_IMPLEMENTATIONS = YES;
				CLANG_WARN_DIRECT_OBJC_ISA_USAGE = YES_ERROR;
				CLANG_WARN_DOCUMENTATION_COMMENTS = YES;
				CLANG_WARN_EMPTY_BODY = YES;
				CLANG_WARN_ENUM_CONVERSION = YES;
				CLANG_WARN_INFINITE_RECURSION = YES;
				CLANG_WARN_INT_CONVERSION = YES;
				CLANG_WARN_NON_LITERAL_NULL_CONVERSION = YES;
				CLANG_WARN_OBJC_IMPLICIT_RETAIN_SELF = YES;
				CLANG_WARN_OBJC_LITERAL_CONVERSION = YES;
				CLANG_WARN_OBJC_ROOT_CLASS = YES_ERROR;
				CLANG_WARN_RANGE_LOOP_ANALYSIS = YES;
				CLANG_WARN_STRICT_PROTOTYPES = YES;
				CLANG_WARN_SUSPICIOUS_MOVE = YES;
				CLANG_WARN_UNGUARDED_AVAILABILITY = YES_AGGRESSIVE;
				CLANG_WARN_UNREACHABLE_CODE = YES;
				CLANG_WARN__DUPLICATE_METHOD_MATCH = YES;
				COPY_PHASE_STRIP = NO;
				DEBUG_INFORMATION_FORMAT = dwarf;
				ENABLE_STRICT_OBJC_MSGSEND = YES;
				ENABLE_TESTABILITY = YES;
				GCC_C_LANGUAGE_STANDARD = gnu11;
				GCC_DYNAMIC_NO_PIC = NO;
				GCC_NO_COMMON_BLOCKS = YES;
				GCC_OPTIMIZATION_LEVEL = 0;
				GCC_PREPROCESSOR_DEFINITIONS = (
					"DEBUG=1",
					"$(inherited)",
				);
				GCC_WARN_64_TO_32_BIT_CONVERSION = YES;
				GCC_WARN_ABOUT_RETURN_TYPE = YES_ERROR;
				GCC_WARN_UNDECLARED_SELECTOR = YES;
				GCC_WARN_UNINITIALIZED_AUTOS = YES_AGGRESSIVE;
				GCC_WARN_UNUSED_FUNCTION = YES;
				GCC_WARN_UNUSED_VARIABLE = YES;
				IPHONEOS_DEPLOYMENT_TARGET = 13.5;
				MTL_ENABLE_DEBUG_INFO = INCLUDE_SOURCE;
				MTL_FAST_MATH = YES;
				ONLY_ACTIVE_ARCH = YES;
				SDKROOT = iphoneos;
				SWIFT_ACTIVE_COMPILATION_CONDITIONS = DEBUG;
				SWIFT_OPTIMIZATION_LEVEL = "-Onone";
			};
			name = Debug;
		};
		15175E1E249203BE005D2424 /* Release */ = {
			isa = XCBuildConfiguration;
			buildSettings = {
				ALWAYS_SEARCH_USER_PATHS = NO;
				CLANG_ANALYZER_NONNULL = YES;
				CLANG_ANALYZER_NUMBER_OBJECT_CONVERSION = YES_AGGRESSIVE;
				CLANG_CXX_LANGUAGE_STANDARD = "gnu++14";
				CLANG_CXX_LIBRARY = "libc++";
				CLANG_ENABLE_MODULES = YES;
				CLANG_ENABLE_OBJC_ARC = YES;
				CLANG_ENABLE_OBJC_WEAK = YES;
				CLANG_WARN_BLOCK_CAPTURE_AUTORELEASING = YES;
				CLANG_WARN_BOOL_CONVERSION = YES;
				CLANG_WARN_COMMA = YES;
				CLANG_WARN_CONSTANT_CONVERSION = YES;
				CLANG_WARN_DEPRECATED_OBJC_IMPLEMENTATIONS = YES;
				CLANG_WARN_DIRECT_OBJC_ISA_USAGE = YES_ERROR;
				CLANG_WARN_DOCUMENTATION_COMMENTS = YES;
				CLANG_WARN_EMPTY_BODY = YES;
				CLANG_WARN_ENUM_CONVERSION = YES;
				CLANG_WARN_INFINITE_RECURSION = YES;
				CLANG_WARN_INT_CONVERSION = YES;
				CLANG_WARN_NON_LITERAL_NULL_CONVERSION = YES;
				CLANG_WARN_OBJC_IMPLICIT_RETAIN_SELF = YES;
				CLANG_WARN_OBJC_LITERAL_CONVERSION = YES;
				CLANG_WARN_OBJC_ROOT_CLASS = YES_ERROR;
				CLANG_WARN_RANGE_LOOP_ANALYSIS = YES;
				CLANG_WARN_STRICT_PROTOTYPES = YES;
				CLANG_WARN_SUSPICIOUS_MOVE = YES;
				CLANG_WARN_UNGUARDED_AVAILABILITY = YES_AGGRESSIVE;
				CLANG_WARN_UNREACHABLE_CODE = YES;
				CLANG_WARN__DUPLICATE_METHOD_MATCH = YES;
				COPY_PHASE_STRIP = NO;
				DEBUG_INFORMATION_FORMAT = "dwarf-with-dsym";
				ENABLE_NS_ASSERTIONS = NO;
				ENABLE_STRICT_OBJC_MSGSEND = YES;
				GCC_C_LANGUAGE_STANDARD = gnu11;
				GCC_NO_COMMON_BLOCKS = YES;
				GCC_WARN_64_TO_32_BIT_CONVERSION = YES;
				GCC_WARN_ABOUT_RETURN_TYPE = YES_ERROR;
				GCC_WARN_UNDECLARED_SELECTOR = YES;
				GCC_WARN_UNINITIALIZED_AUTOS = YES_AGGRESSIVE;
				GCC_WARN_UNUSED_FUNCTION = YES;
				GCC_WARN_UNUSED_VARIABLE = YES;
				IPHONEOS_DEPLOYMENT_TARGET = 13.5;
				MTL_ENABLE_DEBUG_INFO = NO;
				MTL_FAST_MATH = YES;
				SDKROOT = iphoneos;
				SWIFT_COMPILATION_MODE = wholemodule;
				SWIFT_OPTIMIZATION_LEVEL = "-O";
				VALIDATE_PRODUCT = YES;
			};
			name = Release;
		};
		15175E20249203BE005D2424 /* Debug */ = {
			isa = XCBuildConfiguration;
			buildSettings = {
				ASSETCATALOG_COMPILER_APPICON_NAME = AppIcon;
				CODE_SIGN_STYLE = Automatic;
				DEVELOPMENT_ASSET_PATHS = "\"HabTrack/Preview Content\"";
				DEVELOPMENT_TEAM = 8DV5T8J376;
				ENABLE_PREVIEWS = YES;
				INFOPLIST_FILE = HabTrack/Info.plist;
				IPHONEOS_DEPLOYMENT_TARGET = 13.3;
				LD_RUNPATH_SEARCH_PATHS = (
					"$(inherited)",
					"@executable_path/Frameworks",
				);
				PRODUCT_BUNDLE_IDENTIFIER = tech.af3.HabTrack;
				PRODUCT_NAME = "$(TARGET_NAME)";
				SWIFT_VERSION = 5.0;
				TARGETED_DEVICE_FAMILY = "1,2";
			};
			name = Debug;
		};
		15175E21249203BE005D2424 /* Release */ = {
			isa = XCBuildConfiguration;
			buildSettings = {
				ASSETCATALOG_COMPILER_APPICON_NAME = AppIcon;
				CODE_SIGN_STYLE = Automatic;
				DEVELOPMENT_ASSET_PATHS = "\"HabTrack/Preview Content\"";
				DEVELOPMENT_TEAM = 8DV5T8J376;
				ENABLE_PREVIEWS = YES;
				INFOPLIST_FILE = HabTrack/Info.plist;
				IPHONEOS_DEPLOYMENT_TARGET = 13.3;
				LD_RUNPATH_SEARCH_PATHS = (
					"$(inherited)",
					"@executable_path/Frameworks",
				);
				PRODUCT_BUNDLE_IDENTIFIER = tech.af3.HabTrack;
				PRODUCT_NAME = "$(TARGET_NAME)";
				SWIFT_VERSION = 5.0;
				TARGETED_DEVICE_FAMILY = "1,2";
			};
			name = Release;
		};
/* End XCBuildConfiguration section */

/* Begin XCConfigurationList section */
		15175E06249203BB005D2424 /* Build configuration list for PBXProject "HabTrack" */ = {
			isa = XCConfigurationList;
			buildConfigurations = (
				15175E1D249203BE005D2424 /* Debug */,
				15175E1E249203BE005D2424 /* Release */,
			);
			defaultConfigurationIsVisible = 0;
			defaultConfigurationName = Release;
		};
		15175E1F249203BE005D2424 /* Build configuration list for PBXNativeTarget "HabTrack" */ = {
			isa = XCConfigurationList;
			buildConfigurations = (
				15175E20249203BE005D2424 /* Debug */,
				15175E21249203BE005D2424 /* Release */,
			);
			defaultConfigurationIsVisible = 0;
			defaultConfigurationName = Release;
		};
/* End XCConfigurationList section */
	};
	rootObject = 15175E03249203BB005D2424 /* Project object */;
}
